{
  "nodes": {
    "darwin": {
      "inputs": {
        "nixpkgs": [
          "nixpkgs-darwin"
        ]
      },
      "locked": {
        "lastModified": 1785389976,
        "narHash": "sha256-0tLW8Ff5yt8AH97jw4ZpFJ0OCJ122zIlgWGDmOfU/VU=",
        "owner": "lnl7",
        "repo": "nix-darwin",
        "rev": "15abb8c98f336cd8bd840d71059adebabe60bf04",
        "type": "github"
      },
      "original": {
        "owner": "lnl7",
        "repo": "nix-darwin",
        "type": "github"
      }
    },
    "darwin-custom-icons": {
      "locked": {
        "lastModified": 1719071371,
        "narHash": "sha256-SPazmoL3Pls4QTiZ2CRtavecNJgzpL4GeiwafTmtdJ8=",
        "owner": "ryanccn",
        "repo": "nix-darwin-custom-icons",
        "rev": "ad3e8cf49ef0b276ccf67410f544ff33d965d821",
        "type": "github"
      },
      "original": {
        "owner": "ryanccn",
        "repo": "nix-darwin-custom-icons",
        "type": "github"
      }
    },
    "flake-parts": {
      "inputs": {
        "nixpkgs-lib": "nixpkgs-lib"
      },
      "locked": {
        "lastModified": 1777898446,
        "narHash": "sha256-tTEOTTjMHd8Vffn4hehLTPgOXXxJ27xfkf4DoyZgD7s=",
        "owner": "hercules-ci",
        "repo": "flake-parts",
        "rev": "5d82aa3d6b5da25dbfec1a995750a70a03b8c659",
        "type": "github"
      },
      "original": {
        "owner": "hercules-ci",
        "repo": "flake-parts",
        "type": "github"
      }
    },
    "home-manager": {
      "inputs": {
        "nixpkgs": [
          "nixpkgs-darwin"
        ]
      },
      "locked": {
        "lastModified": 1786031233,
        "narHash": "sha256-TIDlLTLI1/pB7IqgjzcKQjpODQsZE2oII4XGG9B6KjI=",
        "owner": "nix-community",
        "repo": "home-manager",
        "rev": "7834e82588860aaf780cec1366524456a70898d7",
        "type": "github"
      },
      "original": {
        "owner": "nix-community",
        "repo": "home-manager",
        "type": "github"
      }
    },
    "import-tree": {
      "locked": {
        "lastModified": 1773693634,
        "narHash": "sha256-BtZ2dtkBdSUnFPPFc+n0kcMbgaTxzFNPv2iaO326Ffg=",
        "owner": "vic",
        "repo": "import-tree",
        "rev": "c41e7d58045f9057880b0d85e1152d6a4430dbf1",
        "type": "github"
      },
      "original": {
        "owner": "vic",
        "repo": "import-tree",
        "type": "github"
      }
    },
    "nix-darwin": {
      "inputs": {
        "nixpkgs": [
          "paneru",
          "nixpkgs"
        ]
      },
      "locked": {
        "lastModified": 1777780666,
        "narHash": "sha256-8wURyQMdDkGUarSTKOGdCuFfYiwa3HbzwscUfn3STDE=",
        "owner": "nix-darwin",
        "repo": "nix-darwin",
        "rev": "8c62fba0854ba15c8917aed18894dbccb48a3777",
        "type": "github"
      },
      "original": {
        "owner": "nix-darwin",
        "ref": "master",
        "repo": "nix-darwin",
        "type": "github"
      }
    },
    "nixpkgs-darwin": {
      "locked": {
        "lastModified": 1785747939,
        "narHash": "sha256-D740uKsMbgsfK2oaDenJLLPIZfq7W0/g4KN/Fls8eKs=",
        "owner": "nixos",
        "repo": "nixpkgs",
        "rev": "104240a772428cc2e20d8fd86c9ddbb886bbaff2",
        "type": "github"
      },
      "original": {
        "owner": "nixos",
        "ref": "nixpkgs-unstable",
        "repo": "nixpkgs",
        "type": "github"
      }
    },
    "nixpkgs-lib": {
      "locked": {
        "lastModified": 1777168982,
        "narHash": "sha256-GOkGPcboWE9BmGCRMLX3worL4EMnsnG8MyKmXNeYuhQ=",
        "owner": "nix-community",
        "repo": "nixpkgs.lib",
        "rev": "f5901329dade4a6ea039af1433fb087bd9c1fe14",
        "type": "github"
      },
      "original": {
        "owner": "nix-community",
        "repo": "nixpkgs.lib",
        "type": "github"
      }
    },
    "paneru": {
      "inputs": {
        "flake-parts": "flake-parts",
        "import-tree": "import-tree",
        "nix-darwin": "nix-darwin",
        "nixpkgs": [
          "nixpkgs-darwin"
        ]
      },
      "locked": {
        "lastModified": 1785166520,
        "narHash": "sha256-k7EA8dKtkYjR6Tv+TLz1yFOA0QN1HzVC6f0aUkkU5CM=",
        "ref": "focusnum",
        "rev": "e39cc991b80d3d9f4654a85ef46c870437d045fa",
        "revCount": 775,
        "type": "git",
        "url": "file:///Users/tnixc/Developer/paneru"
      },
      "original": {
        "ref": "focusnum",
        "type": "git",
        "url": "file:///Users/tnixc/Developer/paneru"
      }
    },
    "root": {
      "inputs": {
        "darwin": "darwin",
        "darwin-custom-icons": "darwin-custom-icons",
        "home-manager": "home-manager",
        "nixpkgs-darwin": "nixpkgs-darwin",
        "paneru": "paneru"
      }
    }
  },
  "root": "root",
  "version": 7
}
